
Microsoft Visual Studio Solution File, Format Version 12.00
# Visual Studio Version 16
VisualStudioVersion = 16.0.33927.289
MinimumVisualStudioVersion = 10.0.40219.1
Project("{2150E333-8FDC-42A3-9474-1A3956D46DE8}") = "TaskReview", "TaskReview", "{3B7B3A9D-A692-4B62-A322-ACA0E4F242BE}"
EndProject
Project("{FAE04EC0-301F-11D3-BF4B-00C04F79EFBC}") = "Tyuiu.IvashkinaKE.Sprint4.TaskReview.V11", "Tyuiu.IvashkinaKE.Sprint4.TaskReview.V11\Tyuiu.IvashkinaKE.Sprint4.TaskReview.V11.csproj", "{D0900A0D-3C50-43A9-BB50-128D66BF54E2}"
EndProject
Project("{FAE04EC0-301F-11D3-BF4B-00C04F79EFBC}") = "Tyuiu.IvashkinaKE.Sprint4.TaskReview.V11.Lib", "Tyuiu.IvashkinaKE.Sprint4.TaskReview.V11.Lib\Tyuiu.IvashkinaKE.Sprint4.TaskReview.V11.Lib.csproj", "{15C1246E-25C4-4B72-B285-936E2E90C5CE}"
EndProject
Project("{FAE04EC0-301F-11D3-BF4B-00C04F79EFBC}") = "Tyuiu.IvashkinaKE.Sprint4.TaskReview.V11.Test", "Tyuiu.IvashkinaKE.Sprint4.TaskReview.V11.Test\Tyuiu.IvashkinaKE.Sprint4.TaskReview.V11.Test.csproj", "{9822051B-B28B-467D-98CB-CF28283C9028}"
EndProject
Global
	GlobalSection(SolutionConfigurationPlatforms) = preSolution
		Debug|Any CPU = Debug|Any CPU
		Release|Any CPU = Release|Any CPU
	EndGlobalSection
	GlobalSection(ProjectConfigurationPlatforms) = postSolution
		{D0900A0D-3C50-43A9-BB50-128D66BF54E2}.Debug|Any CPU.ActiveCfg = Debug|Any CPU
		{D0900A0D-3C50-43A9-BB50-128D66BF54E2}.Debug|Any CPU.Build.0 = Debug|Any CPU
		{D0900A0D-3C50-43A9-BB50-128D66BF54E2}.Release|Any CPU.ActiveCfg = Release|Any CPU
		{D0900A0D-3C50-43A9-BB50-128D66BF54E2}.Release|Any CPU.Build.0 = Release|Any CPU
		{15C1246E-25C4-4B72-B285-936E2E90C5CE}.Debug|Any CPU.ActiveCfg = Debug|Any CPU
		{15C1246E-25C4-4B72-B285-936E2E90C5CE}.Debug|Any CPU.Build.0 = Debug|Any CPU
		{15C1246E-25C4-4B72-B285-936E2E90C5CE}.Release|Any CPU.ActiveCfg = Release|Any CPU
		{15C1246E-25C4-4B72-B285-936E2E90C5CE}.Release|Any CPU.Build.0 = Release|Any CPU
		{9822051B-B28B-467D-98CB-CF28283C9028}.Debug|Any CPU.ActiveCfg = Debug|Any CPU
		{9822051B-B28B-467D-98CB-CF28283C9028}.Debug|Any CPU.Build.0 = Debug|Any CPU
		{9822051B-B28B-467D-98CB-CF28283C9028}.Release|Any CPU.ActiveCfg = Release|Any CPU
		{9822051B-B28B-467D-98CB-CF28283C9028}.Release|Any CPU.Build.0 = Release|Any CPU
	EndGlobalSection
	GlobalSection(SolutionProperties) = preSolution
		HideSolutionNode = FALSE
	EndGlobalSection
	GlobalSection(NestedProjects) = preSolution
		{D0900A0D-3C50-43A9-BB50-128D66BF54E2} = {3B7B3A9D-A692-4B62-A322-ACA0E4F242BE}
		{15C1246E-25C4-4B72-B285-936E2E90C5CE} = {3B7B3A9D-A692-4B62-A322-ACA0E4F242BE}
	EndGlobalSection
	GlobalSection(ExtensibilityGlobals) = postSolution
		SolutionGuid = {D26D502C-092C-4BDF-8556-B6CF4AD0FFAB}
	EndGlobalSection
EndGlobal
